// !$*UTF8*$!
{
	archiveVersion = 1;
	classes = {
	};
	objectVersion = 46;
	objects = {

/* Begin PBXBuildFile section */
		794199EA1ECDD1BF00D10CD7 /* RxSwift.framework in Frameworks */ = {isa = PBXBuildFile; fileRef = 794199E91ECDD1BF00D10CD7 /* RxSwift.framework */; };
		794199EB1ECDD1BF00D10CD7 /* RxSwift.framework in Embed Frameworks */ = {isa = PBXBuildFile; fileRef = 794199E91ECDD1BF00D10CD7 /* RxSwift.framework */; settings = {ATTRIBUTES = (CodeSignOnCopy, RemoveHeadersOnCopy, ); }; };
		794199EE1ECDD1C500D10CD7 /* RxSegue.framework in Frameworks */ = {isa = PBXBuildFile; fileRef = 794199ED1ECDD1C500D10CD7 /* RxSegue.framework */; };
		794199EF1ECDD1C500D10CD7 /* RxSegue.framework in Embed Frameworks */ = {isa = PBXBuildFile; fileRef = 794199ED1ECDD1C500D10CD7 /* RxSegue.framework */; settings = {ATTRIBUTES = (CodeSignOnCopy, RemoveHeadersOnCopy, ); }; };
		794199F11ECDD1CB00D10CD7 /* Starscream.framework in Frameworks */ = {isa = PBXBuildFile; fileRef = 794199F01ECDD1CB00D10CD7 /* Starscream.framework */; };
		794199F21ECDD1CB00D10CD7 /* Starscream.framework in Embed Frameworks */ = {isa = PBXBuildFile; fileRef = 794199F01ECDD1CB00D10CD7 /* Starscream.framework */; settings = {ATTRIBUTES = (CodeSignOnCopy, RemoveHeadersOnCopy, ); }; };
		794199F41ECDD1D100D10CD7 /* RxCocoa.framework in Frameworks */ = {isa = PBXBuildFile; fileRef = 794199F31ECDD1D100D10CD7 /* RxCocoa.framework */; };
		794199F51ECDD1D100D10CD7 /* RxCocoa.framework in Embed Frameworks */ = {isa = PBXBuildFile; fileRef = 794199F31ECDD1D100D10CD7 /* RxCocoa.framework */; settings = {ATTRIBUTES = (CodeSignOnCopy, RemoveHeadersOnCopy, ); }; };
		79D990201ECDBA7B0095E5F4 /* AppDelegate.swift in Sources */ = {isa = PBXBuildFile; fileRef = 79D9901F1ECDBA7B0095E5F4 /* AppDelegate.swift */; };
		79D990221ECDBA7B0095E5F4 /* ViewController.swift in Sources */ = {isa = PBXBuildFile; fileRef = 79D990211ECDBA7B0095E5F4 /* ViewController.swift */; };
		79D990251ECDBA7B0095E5F4 /* Main.storyboard in Resources */ = {isa = PBXBuildFile; fileRef = 79D990231ECDBA7B0095E5F4 /* Main.storyboard */; };
		79D990271ECDBA7B0095E5F4 /* Assets.xcassets in Resources */ = {isa = PBXBuildFile; fileRef = 79D990261ECDBA7B0095E5F4 /* Assets.xcassets */; };
		79D9902A1ECDBA7B0095E5F4 /* LaunchScreen.storyboard in Resources */ = {isa = PBXBuildFile; fileRef = 79D990281ECDBA7B0095E5F4 /* LaunchScreen.storyboard */; };
		79D990321ECDC20B0095E5F4 /* ExchangeDetailViewController.swift in Sources */ = {isa = PBXBuildFile; fileRef = 79D990311ECDC20B0095E5F4 /* ExchangeDetailViewController.swift */; };
/* End PBXBuildFile section */

/* Begin PBXCopyFilesBuildPhase section */
		794199EC1ECDD1BF00D10CD7 /* Embed Frameworks */ = {
			isa = PBXCopyFilesBuildPhase;
			buildActionMask = 2147483647;
			dstPath = "";
			dstSubfolderSpec = 10;
			files = (
				794199F51ECDD1D100D10CD7 /* RxCocoa.framework in Embed Frameworks */,
				794199EF1ECDD1C500D10CD7 /* RxSegue.framework in Embed Frameworks */,
				794199F21ECDD1CB00D10CD7 /* Starscream.framework in Embed Frameworks */,
				794199EB1ECDD1BF00D10CD7 /* RxSwift.framework in Embed Frameworks */,
			);
			name = "Embed Frameworks";
			runOnlyForDeploymentPostprocessing = 0;
		};
/* End PBXCopyFilesBuildPhase section */

/* Begin PBXFileReference section */
		794199E91ECDD1BF00D10CD7 /* RxSwift.framework */ = {isa = PBXFileReference; lastKnownFileType = wrapper.framework; name = RxSwift.framework; path = Carthage/Build/iOS/RxSwift.framework; sourceTree = "<group>"; };
		794199ED1ECDD1C500D10CD7 /* RxSegue.framework */ = {isa = PBXFileReference; lastKnownFileType = wrapper.framework; name = RxSegue.framework; path = Carthage/Build/iOS/RxSegue.framework; sourceTree = "<group>"; };
		794199F01ECDD1CB00D10CD7 /* Starscream.framework */ = {isa = PBXFileReference; lastKnownFileType = wrapper.framework; name = Starscream.framework; path = Carthage/Build/iOS/Starscream.framework; sourceTree = "<group>"; };
		794199F31ECDD1D100D10CD7 /* RxCocoa.framework */ = {isa = PBXFileReference; lastKnownFileType = wrapper.framework; name = RxCocoa.framework; path = Carthage/Build/iOS/RxCocoa.framework; sourceTree = "<group>"; };
		79D9901C1ECDBA7B0095E5F4 /* EtherView.app */ = {isa = PBXFileReference; explicitFileType = wrapper.application; includeInIndex = 0; path = EtherView.app; sourceTree = BUILT_PRODUCTS_DIR; };
		79D9901F1ECDBA7B0095E5F4 /* AppDelegate.swift */ = {isa = PBXFileReference; lastKnownFileType = sourcecode.swift; path = AppDelegate.swift; sourceTree = "<group>"; };
		79D990211ECDBA7B0095E5F4 /* ViewController.swift */ = {isa = PBXFileReference; lastKnownFileType = sourcecode.swift; path = ViewController.swift; sourceTree = "<group>"; };
		79D990241ECDBA7B0095E5F4 /* Base */ = {isa = PBXFileReference; lastKnownFileType = file.storyboard; name = Base; path = Base.lproj/Main.storyboard; sourceTree = "<group>"; };
		79D990261ECDBA7B0095E5F4 /* Assets.xcassets */ = {isa = PBXFileReference; lastKnownFileType = folder.assetcatalog; path = Assets.xcassets; sourceTree = "<group>"; };
		79D990291ECDBA7B0095E5F4 /* Base */ = {isa = PBXFileReference; lastKnownFileType = file.storyboard; name = Base; path = Base.lproj/LaunchScreen.storyboard; sourceTree = "<group>"; };
		79D9902B1ECDBA7B0095E5F4 /* Info.plist */ = {isa = PBXFileReference; lastKnownFileType = text.plist.xml; path = Info.plist; sourceTree = "<group>"; };
		79D990311ECDC20B0095E5F4 /* ExchangeDetailViewController.swift */ = {isa = PBXFileReference; fileEncoding = 4; lastKnownFileType = sourcecode.swift; path = ExchangeDetailViewController.swift; sourceTree = "<group>"; };
/* End PBXFileReference section */

/* Begin PBXFrameworksBuildPhase section */
		79D990191ECDBA7B0095E5F4 /* Frameworks */ = {
			isa = PBXFrameworksBuildPhase;
			buildActionMask = 2147483647;
			files = (
				794199F41ECDD1D100D10CD7 /* RxCocoa.framework in Frameworks */,
				794199EE1ECDD1C500D10CD7 /* RxSegue.framework in Frameworks */,
				794199F11ECDD1CB00D10CD7 /* Starscream.framework in Frameworks */,
				794199EA1ECDD1BF00D10CD7 /* RxSwift.framework in Frameworks */,
			);
			runOnlyForDeploymentPostprocessing = 0;
		};
/* End PBXFrameworksBuildPhase section */

/* Begin PBXGroup section */
		79D990131ECDBA7B0095E5F4 = {
			isa = PBXGroup;
			children = (
				794199F31ECDD1D100D10CD7 /* RxCocoa.framework */,
				794199F01ECDD1CB00D10CD7 /* Starscream.framework */,
				794199ED1ECDD1C500D10CD7 /* RxSegue.framework */,
				794199E91ECDD1BF00D10CD7 /* RxSwift.framework */,
				79D9901E1ECDBA7B0095E5F4 /* EtherView */,
				79D9901D1ECDBA7B0095E5F4 /* Products */,
			);
			sourceTree = "<group>";
		};
		79D9901D1ECDBA7B0095E5F4 /* Products */ = {
			isa = PBXGroup;
			children = (
				79D9901C1ECDBA7B0095E5F4 /* EtherView.app */,
			);
			name = Products;
			sourceTree = "<group>";
		};
		79D9901E1ECDBA7B0095E5F4 /* EtherView */ = {
			isa = PBXGroup;
			children = (
				79D9901F1ECDBA7B0095E5F4 /* AppDelegate.swift */,
				79D990211ECDBA7B0095E5F4 /* ViewController.swift */,
				79D990231ECDBA7B0095E5F4 /* Main.storyboard */,
				79D990311ECDC20B0095E5F4 /* ExchangeDetailViewController.swift */,
				79D990261ECDBA7B0095E5F4 /* Assets.xcassets */,
				79D990281ECDBA7B0095E5F4 /* LaunchScreen.storyboard */,
				79D9902B1ECDBA7B0095E5F4 /* Info.plist */,
			);
			path = EtherView;
			sourceTree = "<group>";
		};
/* End PBXGroup section */

/* Begin PBXNativeTarget section */
		79D9901B1ECDBA7B0095E5F4 /* EtherView */ = {
			isa = PBXNativeTarget;
			buildConfigurationList = 79D9902E1ECDBA7B0095E5F4 /* Build configuration list for PBXNativeTarget "EtherView" */;
			buildPhases = (
				79D990181ECDBA7B0095E5F4 /* Sources */,
				79D990191ECDBA7B0095E5F4 /* Frameworks */,
				79D9901A1ECDBA7B0095E5F4 /* Resources */,
				794199EC1ECDD1BF00D10CD7 /* Embed Frameworks */,
			);
			buildRules = (
			);
			dependencies = (
			);
			name = EtherView;
			productName = EtherView;
			productReference = 79D9901C1ECDBA7B0095E5F4 /* EtherView.app */;
			productType = "com.apple.product-type.application";
		};
/* End PBXNativeTarget section */

/* Begin PBXProject section */
		79D990141ECDBA7B0095E5F4 /* Project object */ = {
			isa = PBXProject;
			attributes = {
				LastSwiftUpdateCheck = 0830;
				LastUpgradeCheck = 0830;
				ORGANIZATIONNAME = "James McNamee";
				TargetAttributes = {
					79D9901B1ECDBA7B0095E5F4 = {
						CreatedOnToolsVersion = 8.3.2;
						ProvisioningStyle = Automatic;
					};
				};
			};
			buildConfigurationList = 79D990171ECDBA7B0095E5F4 /* Build configuration list for PBXProject "EtherView" */;
			compatibilityVersion = "Xcode 3.2";
			developmentRegion = English;
			hasScannedForEncodings = 0;
			knownRegions = (
				en,
				Base,
			);
			mainGroup = 79D990131ECDBA7B0095E5F4;
			productRefGroup = 79D9901D1ECDBA7B0095E5F4 /* Products */;
			projectDirPath = "";
			projectRoot = "";
			targets = (
				79D9901B1ECDBA7B0095E5F4 /* EtherView */,
			);
		};
/* End PBXProject section */

/* Begin PBXResourcesBuildPhase section */
		79D9901A1ECDBA7B0095E5F4 /* Resources */ = {
			isa = PBXResourcesBuildPhase;
			buildActionMask = 2147483647;
			files = (
				79D9902A1ECDBA7B0095E5F4 /* LaunchScreen.storyboard in Resources */,
				79D990271ECDBA7B0095E5F4 /* Assets.xcassets in Resources */,
				79D990251ECDBA7B0095E5F4 /* Main.storyboard in Resources */,
			);
			runOnlyForDeploymentPostprocessing = 0;
		};
/* End PBXResourcesBuildPhase section */

/* Begin PBXSourcesBuildPhase section */
		79D990181ECDBA7B0095E5F4 /* Sources */ = {
			isa = PBXSourcesBuildPhase;
			buildActionMask = 2147483647;
			files = (
				79D990221ECDBA7B0095E5F4 /* ViewController.swift in Sources */,
				79D990321ECDC20B0095E5F4 /* ExchangeDetailViewController.swift in Sources */,
				79D990201ECDBA7B0095E5F4 /* AppDelegate.swift in Sources */,
			);
			runOnlyForDeploymentPostprocessing = 0;
		};
/* End PBXSourcesBuildPhase section */

/* Begin PBXVariantGroup section */
		79D990231ECDBA7B0095E5F4 /* Main.storyboard */ = {
			isa = PBXVariantGroup;
			children = (
				79D990241ECDBA7B0095E5F4 /* Base */,
			);
			name = Main.storyboard;
			sourceTree = "<group>";
		};
		79D990281ECDBA7B0095E5F4 /* LaunchScreen.storyboard */ = {
			isa = PBXVariantGroup;
			children = (
				79D990291ECDBA7B0095E5F4 /* Base */,
			);
			name = LaunchScreen.storyboard;
			sourceTree = "<group>";
		};
/* End PBXVariantGroup section */

/* Begin XCBuildConfiguration section */
		79D9902C1ECDBA7B0095E5F4 /* Debug */ = {
			isa = XCBuildConfiguration;
			buildSettings = {
				ALWAYS_SEARCH_USER_PATHS = NO;
				CLANG_ANALYZER_NONNULL = YES;
				CLANG_ANALYZER_NUMBER_OBJECT_CONVERSION = YES_AGGRESSIVE;
				CLANG_CXX_LANGUAGE_STANDARD = "gnu++0x";
				CLANG_CXX_LIBRARY = "libc++";
				CLANG_ENABLE_MODULES = YES;
				CLANG_ENABLE_OBJC_ARC = YES;
				CLANG_WARN_BOOL_CONVERSION = YES;
				CLANG_WARN_CONSTANT_CONVERSION = YES;
				CLANG_WARN_DIRECT_OBJC_ISA_USAGE = YES_ERROR;
				CLANG_WARN_DOCUMENTATION_COMMENTS = YES;
				CLANG_WARN_EMPTY_BODY = YES;
				CLANG_WARN_ENUM_CONVERSION = YES;
				CLANG_WARN_INFINITE_RECURSION = YES;
				CLANG_WARN_INT_CONVERSION = YES;
				CLANG_WARN_OBJC_ROOT_CLASS = YES_ERROR;
				CLANG_WARN_SUSPICIOUS_MOVE = YES;
				CLANG_WARN_UNREACHABLE_CODE = YES;
				CLANG_WARN__DUPLICATE_METHOD_MATCH = YES;
				"CODE_SIGN_IDENTITY[sdk=iphoneos*]" = "iPhone Developer";
				COPY_PHASE_STRIP = NO;
				DEBUG_INFORMATION_FORMAT = dwarf;
				ENABLE_STRICT_OBJC_MSGSEND = YES;
				ENABLE_TESTABILITY = YES;
				GCC_C_LANGUAGE_STANDARD = gnu99;
				GCC_DYNAMIC_NO_PIC = NO;
				GCC_NO_COMMON_BLOCKS = YES;
				GCC_OPTIMIZATION_LEVEL = 0;
				GCC_PREPROCESSOR_DEFINITIONS = (
					"DEBUG=1",
					"$(inherited)",
				);
				GCC_WARN_64_TO_32_BIT_CONVERSION = YES;
				GCC_WARN_ABOUT_RETURN_TYPE = YES_ERROR;
				GCC_WARN_UNDECLARED_SELECTOR = YES;
				GCC_WARN_UNINITIALIZED_AUTOS = YES_AGGRESSIVE;
				GCC_WARN_UNUSED_FUNCTION = YES;
				GCC_WARN_UNUSED_VARIABLE = YES;
				IPHONEOS_DEPLOYMENT_TARGET = 10.3;
				MTL_ENABLE_DEBUG_INFO = YES;
				ONLY_ACTIVE_ARCH = YES;
				SDKROOT = iphoneos;
				SWIFT_ACTIVE_COMPILATION_CONDITIONS = DEBUG;
				SWIFT_OPTIMIZATION_LEVEL = "-Onone";
			};
			name = Debug;
		};
		79D9902D1ECDBA7B0095E5F4 /* Release */ = {
			isa = XCBuildConfiguration;
			buildSettings = {
				ALWAYS_SEARCH_USER_PATHS = NO;
				CLANG_ANALYZER_NONNULL = YES;
				CLANG_ANALYZER_NUMBER_OBJECT_CONVERSION = YES_AGGRESSIVE;
				CLANG_CXX_LANGUAGE_STANDARD = "gnu++0x";
				CLANG_CXX_LIBRARY = "libc++";
				CLANG_ENABLE_MODULES = YES;
				CLANG_ENABLE_OBJC_ARC = YES;
				CLANG_WARN_BOOL_CONVERSION = YES;
				CLANG_WARN_CONSTANT_CONVERSION = YES;
				CLANG_WARN_DIRECT_OBJC_ISA_USAGE = YES_ERROR;
				CLANG_WARN_DOCUMENTATION_COMMENTS = YES;
				CLANG_WARN_EMPTY_BODY = YES;
				CLANG_WARN_ENUM_CONVERSION = YES;
				CLANG_WARN_INFINITE_RECURSION = YES;
				CLANG_WARN_INT_CONVERSION = YES;
				CLANG_WARN_OBJC_ROOT_CLASS = YES_ERROR;
				CLANG_WARN_SUSPICIOUS_MOVE = YES;
				CLANG_WARN_UNREACHABLE_CODE = YES;
				CLANG_WARN__DUPLICATE_METHOD_MATCH = YES;
				"CODE_SIGN_IDENTITY[sdk=iphoneos*]" = "iPhone Developer";
				COPY_PHASE_STRIP = NO;
				DEBUG_INFORMATION_FORMAT = "dwarf-with-dsym";
				ENABLE_NS_ASSERTIONS = NO;
				ENABLE_STRICT_OBJC_MSGSEND = YES;
				GCC_C_LANGUAGE_STANDARD = gnu99;
				GCC_NO_COMMON_BLOCKS = YES;
				GCC_WARN_64_TO_32_BIT_CONVERSION = YES;
				GCC_WARN_ABOUT_RETURN_TYPE = YES_ERROR;
				GCC_WARN_UNDECLARED_SELECTOR = YES;
				GCC_WARN_UNINITIALIZED_AUTOS = YES_AGGRESSIVE;
				GCC_WARN_UNUSED_FUNCTION = YES;
				GCC_WARN_UNUSED_VARIABLE = YES;
				IPHONEOS_DEPLOYMENT_TARGET = 10.3;
				MTL_ENABLE_DEBUG_INFO = NO;
				SDKROOT = iphoneos;
				SWIFT_OPTIMIZATION_LEVEL = "-Owholemodule";
				VALIDATE_PRODUCT = YES;
			};
			name = Release;
		};
		79D9902F1ECDBA7B0095E5F4 /* Debug */ = {
			isa = XCBuildConfiguration;
			buildSettings = {
				ASSETCATALOG_COMPILER_APPICON_NAME = AppIcon;
				FRAMEWORK_SEARCH_PATHS = (
					"$(inherited)",
					"$(PROJECT_DIR)/Carthage/Build/iOS",
				);
				INFOPLIST_FILE = EtherView/Info.plist;
				LD_RUNPATH_SEARCH_PATHS = "$(inherited) @executable_path/Frameworks";
				PRODUCT_BUNDLE_IDENTIFIER = au.com.deakin.EtherView;
				PRODUCT_NAME = "$(TARGET_NAME)";
				SWIFT_VERSION = 3.0;
			};
			name = Debug;
		};
		79D990301ECDBA7B0095E5F4 /* Release */ = {
			isa = XCBuildConfiguration;
			buildSettings = {
				ASSETCATALOG_COMPILER_APPICON_NAME = AppIcon;
				FRAMEWORK_SEARCH_PATHS = (
					"$(inherited)",
					"$(PROJECT_DIR)/Carthage/Build/iOS",
				);
				INFOPLIST_FILE = EtherView/Info.plist;
				LD_RUNPATH_SEARCH_PATHS = "$(inherited) @executable_path/Frameworks";
				PRODUCT_BUNDLE_IDENTIFIER = au.com.deakin.EtherView;
				PRODUCT_NAME = "$(TARGET_NAME)";
				SWIFT_VERSION = 3.0;
			};
			name = Release;
		};
/* End XCBuildConfiguration section */

/* Begin XCConfigurationList section */
		79D990171ECDBA7B0095E5F4 /* Build configuration list for PBXProject "EtherView" */ = {
			isa = XCConfigurationList;
			buildConfigurations = (
				79D9902C1ECDBA7B0095E5F4 /* Debug */,
				79D9902D1ECDBA7B0095E5F4 /* Release */,
			);
			defaultConfigurationIsVisible = 0;
			defaultConfigurationName = Release;
		};
		79D9902E1ECDBA7B0095E5F4 /* Build configuration list for PBXNativeTarget "EtherView" */ = {
			isa = XCConfigurationList;
			buildConfigurations = (
				79D9902F1ECDBA7B0095E5F4 /* Debug */,
				79D990301ECDBA7B0095E5F4 /* Release */,
			);
			defaultConfigurationIsVisible = 0;
			defaultConfigurationName = Release;
		};
/* End XCConfigurationList section */
	};
	rootObject = 79D990141ECDBA7B0095E5F4 /* Project object */;
}
